# THIS IS AN AUTOGENERATED FILE. DO NOT EDIT THIS FILE DIRECTLY.
# yarn lockfile v1


enigma.js@^2.4.0:
  version "2.4.0"
  resolved "https://registry.yarnpkg.com/enigma.js/-/enigma.js-2.4.0.tgz#e5263116e7168e27f11cfe326ac83ed738bb7cc4"

leonardo-ui@^1.6.0:
  version "1.6.0"
  resolved "https://registry.yarnpkg.com/leonardo-ui/-/leonardo-ui-1.6.0.tgz#65eab0a4fd9a54f87a75d08e4440900555f56c24"
